
Microsoft Visual Studio Solution File, Format Version 12.00
# Visual Studio Version 16
VisualStudioVersion = 16.0.28922.388
MinimumVisualStudioVersion = 10.0.40219.1
Project("{FAE04EC0-301F-11D3-BF4B-00C04F79EFBC}") = "InsuranceRenewalReminder_MVC", "InsuranceRenewalReminder_MVC\InsuranceRenewalReminder_MVC.csproj", "{F46FD97C-2FA4-4B03-BBF3-97188E345619}"
EndProject
Project("{FAE04EC0-301F-11D3-BF4B-00C04F79EFBC}") = "InsuranceRenewalReminder_MVC.Tests", "InsuranceRenewalReminder_MVC.Tests\InsuranceRenewalReminder_MVC.Tests.csproj", "{DA7E4B1C-9E05-45E0-8C5D-9BCBC28CE138}"
EndProject
Project("{FAE04EC0-301F-11D3-BF4B-00C04F79EFBC}") = "EventLogHandler", "EventLogHandler\EventLogHandler.csproj", "{47943E8D-1A77-4A92-A387-ED61E6175F3F}"
EndProject
Project("{FAE04EC0-301F-11D3-BF4B-00C04F79EFBC}") = "InsuranceRenewalCalculator", "InsuranceRenewalCalculator\InsuranceRenewalCalculator.csproj", "{CB472506-073B-41F6-B4D4-CA214F2B7C09}"
EndProject
Project("{FAE04EC0-301F-11D3-BF4B-00C04F79EFBC}") = "InsuranceRenewalTypes", "InsuranceRenewalTypes\InsuranceRenewalTypes.csproj", "{E2F89B36-ACDB-4BBB-9C3C-EF5B95C7D676}"
EndProject
Global
	GlobalSection(SolutionConfigurationPlatforms) = preSolution
		Debug|Any CPU = Debug|Any CPU
		Release|Any CPU = Release|Any CPU
	EndGlobalSection
	GlobalSection(ProjectConfigurationPlatforms) = postSolution
		{F46FD97C-2FA4-4B03-BBF3-97188E345619}.Debug|Any CPU.ActiveCfg = Debug|Any CPU
		{F46FD97C-2FA4-4B03-BBF3-97188E345619}.Debug|Any CPU.Build.0 = Debug|Any CPU
		{F46FD97C-2FA4-4B03-BBF3-97188E345619}.Release|Any CPU.ActiveCfg = Release|Any CPU
		{F46FD97C-2FA4-4B03-BBF3-97188E345619}.Release|Any CPU.Build.0 = Release|Any CPU
		{DA7E4B1C-9E05-45E0-8C5D-9BCBC28CE138}.Debug|Any CPU.ActiveCfg = Debug|Any CPU
		{DA7E4B1C-9E05-45E0-8C5D-9BCBC28CE138}.Debug|Any CPU.Build.0 = Debug|Any CPU
		{DA7E4B1C-9E05-45E0-8C5D-9BCBC28CE138}.Release|Any CPU.ActiveCfg = Release|Any CPU
		{DA7E4B1C-9E05-45E0-8C5D-9BCBC28CE138}.Release|Any CPU.Build.0 = Release|Any CPU
		{47943E8D-1A77-4A92-A387-ED61E6175F3F}.Debug|Any CPU.ActiveCfg = Debug|Any CPU
		{47943E8D-1A77-4A92-A387-ED61E6175F3F}.Debug|Any CPU.Build.0 = Debug|Any CPU
		{47943E8D-1A77-4A92-A387-ED61E6175F3F}.Release|Any CPU.ActiveCfg = Release|Any CPU
		{47943E8D-1A77-4A92-A387-ED61E6175F3F}.Release|Any CPU.Build.0 = Release|Any CPU
		{CB472506-073B-41F6-B4D4-CA214F2B7C09}.Debug|Any CPU.ActiveCfg = Debug|Any CPU
		{CB472506-073B-41F6-B4D4-CA214F2B7C09}.Debug|Any CPU.Build.0 = Debug|Any CPU
		{CB472506-073B-41F6-B4D4-CA214F2B7C09}.Release|Any CPU.ActiveCfg = Release|Any CPU
		{CB472506-073B-41F6-B4D4-CA214F2B7C09}.Release|Any CPU.Build.0 = Release|Any CPU
		{E2F89B36-ACDB-4BBB-9C3C-EF5B95C7D676}.Debug|Any CPU.ActiveCfg = Debug|Any CPU
		{E2F89B36-ACDB-4BBB-9C3C-EF5B95C7D676}.Debug|Any CPU.Build.0 = Debug|Any CPU
		{E2F89B36-ACDB-4BBB-9C3C-EF5B95C7D676}.Release|Any CPU.ActiveCfg = Release|Any CPU
		{E2F89B36-ACDB-4BBB-9C3C-EF5B95C7D676}.Release|Any CPU.Build.0 = Release|Any CPU
	EndGlobalSection
	GlobalSection(SolutionProperties) = preSolution
		HideSolutionNode = FALSE
	EndGlobalSection
	GlobalSection(ExtensibilityGlobals) = postSolution
		SolutionGuid = {205F0D3D-8A89-490F-85C0-31F506D02E31}
	EndGlobalSection
EndGlobal
